{
    "_readme": [
        "This file locks the dependencies of your project to a known state",
        "Read more about it at https://getcomposer.org/doc/01-basic-usage.md#installing-dependencies",
        "This file is @generated automatically"
    ],
    "content-hash": "ea9370651a72092b3ed4140f5dff33d1",
    "packages": [
        {
            "name": "donatj/mock-webserver",
            "version": "v2.7.0",
            "source": {
                "type": "git",
                "url": "https://github.com/donatj/mock-webserver.git",
                "reference": "0e22d8dc8b2879dc973edd5780ace614009046e9"
            },
            "dist": {
                "type": "zip",
                "url": "https://api.github.com/repos/donatj/mock-webserver/zipball/0e22d8dc8b2879dc973edd5780ace614009046e9",
                "reference": "0e22d8dc8b2879dc973edd5780ace614009046e9",
                "shasum": ""
            },
            "require": {
                "ext-json": "*",
                "ext-sockets": "*",
                "php": ">=7.1",
                "ralouphie/getallheaders": "~2.0 || ~3.0"
            },
            "require-dev": {
                "corpus/coding-standard": "^0.6.0 || ^0.7.0",
                "donatj/drop": "^1.0",
                "ext-curl": "*",
                "friendsofphp/php-cs-fixer": "^3.1",
                "phpunit/phpunit": "~7|~9",
                "squizlabs/php_codesniffer": "^3.6"
            },
            "type": "library",
            "autoload": {
                "psr-4": {
                    "donatj\\MockWebServer\\": "src/"
                }
            },
            "notification-url": "https://packagist.org/downloads/",
            "license": [
                "MIT"
            ],
            "authors": [
                {
                    "name": "Jesse G. Donat",
                    "email": "donatj@gmail.com",
                    "homepage": "https://donatstudios.com",
                    "role": "Lead"
                }
            ],
            "description": "Simple mock web server for unit testing",
            "support": {
                "issues": "https://github.com/donatj/mock-webserver/issues",
                "source": "https://github.com/donatj/mock-webserver/tree/v2.7.0"
            },
            "funding": [
                {
                    "url": "https://www.paypal.me/donatj/15",
                    "type": "custom"
                },
                {
                    "url": "https://github.com/donatj",
                    "type": "github"
                }
            ],
            "time": "2023-09-07T02:18:50+00:00"
        },
        {
            "name": "ralouphie/getallheaders",
            "version": "3.0.3",
            "source": {
                "type": "git",
                "url": "https://github.com/ralouphie/getallheaders.git",
                "reference": "120b605dfeb996808c31b6477290a714d356e822"
            },
            "dist": {
                "type": "zip",
                "url": "https://api.github.com/repos/ralouphie/getallheaders/zipball/120b605dfeb996808c31b6477290a714d356e822",
                "reference": "120b605dfeb996808c31b6477290a714d356e822",
                "shasum": ""
            },
            "require": {
                "php": ">=5.6"
            },
            "require-dev": {
                "php-coveralls/php-coveralls": "^2.1",
                "phpunit/phpunit": "^5 || ^6.5"
            },
            "type": "library",
            "autoload": {
                "files": [
                    "src/getallheaders.php"
                ]
            },
            "notification-url": "https://packagist.org/downloads/",
            "license": [
                "MIT"
            ],
            "authors": [
                {
                    "name": "Ralph Khattar",
                    "email": "ralph.khattar@gmail.com"
                }
            ],
            "description": "A polyfill for getallheaders.",
            "support": {
                "issues": "https://github.com/ralouphie/getallheaders/issues",
                "source": "https://github.com/ralouphie/getallheaders/tree/develop"
            },
            "time": "2019-03-08T08:55:37+00:00"
        }
    ],
    "packages-dev": [
        {
            "name": "dg/bypass-finals",
            "version": "v1.5.1",
            "source": {
                "type": "git",
                "url": "https://github.com/dg/bypass-finals.git",
                "reference": "12ef25e1f8d4144e4ec80d13a28895e8942f4104"
            },
            "dist": {
                "type": "zip",
                "url": "https://api.github.com/repos/dg/bypass-finals/zipball/12ef25e1f8d4144e4ec80d13a28895e8942f4104",
                "reference": "12ef25e1f8d4144e4ec80d13a28895e8942f4104",
                "shasum": ""
            },
            "require": {
                "php": ">=7.1"
            },
            "require-dev": {
                "nette/tester": "^2.3",
                "phpstan/phpstan": "^0.12"
            },
            "type": "library",
            "autoload": {
                "classmap": [
                    "src/"
                ]
            },
            "notification-url": "https://packagist.org/downloads/",
            "license": [
                "BSD-3-Clause",
                "GPL-2.0",
                "GPL-3.0"
            ],
            "authors": [
                {
                    "name": "David Grudl",
                    "homepage": "https://davidgrudl.com"
                }
            ],
            "description": "Removes final keyword from source code on-the-fly and allows mocking of final methods and classes",
            "keywords": [
                "finals",
                "mocking",
                "phpunit",
                "testing",
                "unit"
            ],
            "support": {
                "issues": "https://github.com/dg/bypass-finals/issues",
                "source": "https://github.com/dg/bypass-finals/tree/v1.5.1"
            },
            "time": "2023-09-16T09:13:54+00:00"
        }
    ],
    "aliases": [],
    "minimum-stability": "stable",
    "stability-flags": [],
    "prefer-stable": false,
    "prefer-lowest": false,
    "platform": [],
    "platform-dev": [],
    "plugin-api-version": "2.3.0"
}
